# This file was autogenerated by Stack.
# You should not edit this file by hand.
# For more information, please see the documentation at:
#   https://docs.haskellstack.org/en/stable/lock_files

packages:
- completed:
    hackage: scotty-cookie-0.1.0.3@sha256:3ff1df13a5acba8ba170a5ac22b3ac6a2c227791292536ce1ebfc41038f58fc9,1204
    pantry-tree:
      size: 222
      sha256: 8236b9d3e3c01b29c3d7bf7791af8c87e87ea9b2052e9d7bc32038f524242679
  original:
    hackage: scotty-cookie-0.1.0.3
- completed:
    hackage: posix-escape-0.1@sha256:adbb650397cd8685ea220b40739ee80d4e8329643a98aa2993a6f13a598bd18c,1160
    pantry-tree:
      size: 386
      sha256: e9824c495e3e2a3a1f737b5d2fcdd0ea1ce6b2919cec252c1ef7ca3b19dedf57
  original:
    hackage: posix-escape-0.1
- completed:
    name: scotty-login-session
    version: 0.1.2.0
    git: git@github.com:asg0451/scotty-login-session
    pantry-tree:
      size: 1902
      sha256: 3dd4c873a3c4c397799dd67f1cab8ff5a082a1855043d9e1a05631248fa3dc4d
    commit: 91b0971373ec5288badd9cedf8e668239bdd1b24
  original:
    git: git@github.com:asg0451/scotty-login-session
    commit: 91b0971373ec5288badd9cedf8e668239bdd1b24
snapshots:
- completed:
    size: 373932
    url: https://raw.githubusercontent.com/commercialhaskell/stackage-snapshots/master/lts/5/5.yaml
    sha256: 8f2afad60763816ce2ff026c1f76dc62f2b88366b5a0317b224b517d14558480
  original: lts-5.5
